# This file is automatically @generated by Cargo.
# It is not intended for manual editing.
version = 4

[[package]]
name = "gase-core"
version = "0.1.0"
dependencies = [
 "gase-m68k",
 "gase-savestate",
 "gase-sound",
 "gase-vdp",
 "gase-z80",
]

[[package]]
name = "gase-docs-shots"
version = "0.1.0"
dependencies = [
 "gase-core",
]

[[package]]
name = "gase-m68k"
version = "0.1.0"
dependencies = [
 "gase-savestate",
]

[[package]]
name = "gase-savestate"
version = "0.1.0"

[[package]]
name = "gase-sound"
version = "0.1.0"
dependencies = [
 "gase-savestate",
]

[[package]]
name = "gase-vdp"
version = "0.1.0"
dependencies = [
 "gase-savestate",
]

[[package]]
name = "gase-z80"
version = "0.1.0"
dependencies = [
 "gase-savestate",
]
